
Microsoft Visual Studio Solution File, Format Version 12.00
# Visual Studio Version 16
VisualStudioVersion = 16.0.32630.194
MinimumVisualStudioVersion = 10.0.40219.1
Project("{9A19103F-16F7-4668-BE54-9A1E7A4F7556}") = "PhotoAlbumExp", "PhotoAlbumExp.csproj", "{20EC0CF5-D79C-4D3B-BBF6-A35605C0E7C1}"
EndProject
Project("{FAE04EC0-301F-11D3-BF4B-00C04F79EFBC}") = "PhotoAlbumExp.Tests", "..\PhotoAlbumExp.Tests\PhotoAlbumExp.Tests.csproj", "{595FFEDC-EAB6-49EF-993E-AB8A2F549C55}"
EndProject
Global
	GlobalSection(SolutionConfigurationPlatforms) = preSolution
		Debug|Any CPU = Debug|Any CPU
		Release|Any CPU = Release|Any CPU
	EndGlobalSection
	GlobalSection(ProjectConfigurationPlatforms) = postSolution
		{20EC0CF5-D79C-4D3B-BBF6-A35605C0E7C1}.Debug|Any CPU.ActiveCfg = Debug|Any CPU
		{20EC0CF5-D79C-4D3B-BBF6-A35605C0E7C1}.Debug|Any CPU.Build.0 = Debug|Any CPU
		{20EC0CF5-D79C-4D3B-BBF6-A35605C0E7C1}.Release|Any CPU.ActiveCfg = Release|Any CPU
		{20EC0CF5-D79C-4D3B-BBF6-A35605C0E7C1}.Release|Any CPU.Build.0 = Release|Any CPU
		{595FFEDC-EAB6-49EF-993E-AB8A2F549C55}.Debug|Any CPU.ActiveCfg = Debug|Any CPU
		{595FFEDC-EAB6-49EF-993E-AB8A2F549C55}.Debug|Any CPU.Build.0 = Debug|Any CPU
		{595FFEDC-EAB6-49EF-993E-AB8A2F549C55}.Release|Any CPU.ActiveCfg = Release|Any CPU
		{595FFEDC-EAB6-49EF-993E-AB8A2F549C55}.Release|Any CPU.Build.0 = Release|Any CPU
	EndGlobalSection
	GlobalSection(SolutionProperties) = preSolution
		HideSolutionNode = FALSE
	EndGlobalSection
	GlobalSection(ExtensibilityGlobals) = postSolution
		SolutionGuid = {6EB646BD-A9E1-44EE-A70B-BFD9B5971AED}
	EndGlobalSection
EndGlobal
